{
  "name": "nv-template",
  "version": "2.0.0",
  "lockfileVersion": 1,
  "requires": true,
  "dependencies": {
    "charenc": {
      "version": "0.0.2",
      "resolved": "http://registry.npm.taobao.org/charenc/download/charenc-0.0.2.tgz"
    },
    "crypt": {
      "version": "0.0.2",
      "resolved": "http://registry.npm.taobao.org/crypt/download/crypt-0.0.2.tgz"
    },
    "is-buffer": {
      "version": "1.1.6",
      "resolved": "http://registry.npm.taobao.org/is-buffer/download/is-buffer-1.1.6.tgz"
    },
    "js-cookie": {
      "version": "2.2.0",
      "resolved": "http://registry.npm.taobao.org/js-cookie/download/js-cookie-2.2.0.tgz"
    },
    "lodash": {
      "version": "4.17.5",
      "resolved": "http://registry.npm.taobao.org/lodash/download/lodash-4.17.5.tgz"
    },
    "md5": {
      "version": "2.2.1",
      "resolved": "http://registry.npm.taobao.org/md5/download/md5-2.2.1.tgz",
      "requires": {
        "charenc": "0.0.2",
        "crypt": "0.0.2",
        "is-buffer": "1.1.6"
      }
    },
    "vue-echarts": {
      "version": "3.0.7",
      "resolved": "https://registry.npmjs.org/vue-echarts/-/vue-echarts-3.0.7.tgz",
      "integrity": "sha512-AcY29diBP39dm+uJeLdBxo/VzmQ/n5/okD83i0sbetNrShiLl24oUi1E6tiATgI6PTQd9G92HhBv9IdCgMCj3g==",
      "requires": {
        "echarts": "4.0.4",
        "lodash": "4.17.5",
        "resize-detector": "0.1.6"
      },
      "dependencies": {
        "echarts": {
          "version": "4.0.4",
          "resolved": "https://registry.npmjs.org/echarts/-/echarts-4.0.4.tgz",
          "integrity": "sha512-PDWGchRwBvMcNJbg94/thIIDgD8Jw2APtbK6K9rq1X8h6rQIdQ3IFTEvRwGS9U0zsUgJQQwXFLXIw+RJ/EH3fw==",
          "requires": {
            "zrender": "4.0.3"
          }
        },
        "resize-detector": {
          "version": "0.1.6",
          "resolved": "https://registry.npmjs.org/resize-detector/-/resize-detector-0.1.6.tgz",
          "integrity": "sha512-T3kOOipYH/ba5JVVXHY57Z6iEALllnCD4STjHgAOBSWO3DTiRZ+TNhyzu8v9u0aFFbilktEaBGeoDy3RWzMgJw=="
        },
        "zrender": {
          "version": "4.0.3",
          "resolved": "https://registry.npmjs.org/zrender/-/zrender-4.0.3.tgz",
          "integrity": "sha512-LdkntRaNogzKAwlICuS0wdZcYaeA94llQ0SWqsgbcd6SPasgkjstaoe6vr5P9Pd2ID/rlhf3UrmIuFzqOLdDuA=="
        }
      }
    }
  }
}
